
Microsoft Visual Studio Solution File, Format Version 12.00
# Visual Studio Version 16
VisualStudioVersion = 16.0.30114.105
MinimumVisualStudioVersion = 10.0.40219.1
Project("{FAE04EC0-301F-11D3-BF4B-00C04F79EFBC}") = "mahjong", "mahjong\mahjong.csproj", "{EE8A4E62-D5BB-446D-8027-BFEF78677194}"
EndProject
Project("{FAE04EC0-301F-11D3-BF4B-00C04F79EFBC}") = "mjlib", "mjlib\mjlib.csproj", "{F5ACE1E0-848F-4756-84D0-15E20734D20C}"
EndProject
Project("{FAE04EC0-301F-11D3-BF4B-00C04F79EFBC}") = "mjlibTest", "mjlibTest\mjlibTest.csproj", "{58B20C0F-1AF3-4EA5-9B70-67D67C6761FD}"
EndProject
Project("{FAE04EC0-301F-11D3-BF4B-00C04F79EFBC}") = "mjlibExample", "mjlibExample\mjlibExample.csproj", "{09A2CE2E-4AE1-4ACB-BFC9-A3BB9BFA5F0A}"
EndProject
Project("{2150E333-8FDC-42A3-9474-1A3956D46DE8}") = "mjlibs", "mjlibs", "{0302D2D7-4029-40C1-B00A-9ACAAC881585}"
EndProject
Global
	GlobalSection(SolutionConfigurationPlatforms) = preSolution
		Debug|Any CPU = Debug|Any CPU
		Release|Any CPU = Release|Any CPU
	EndGlobalSection
	GlobalSection(ProjectConfigurationPlatforms) = postSolution
		{EE8A4E62-D5BB-446D-8027-BFEF78677194}.Debug|Any CPU.ActiveCfg = Debug|Any CPU
		{EE8A4E62-D5BB-446D-8027-BFEF78677194}.Debug|Any CPU.Build.0 = Debug|Any CPU
		{EE8A4E62-D5BB-446D-8027-BFEF78677194}.Release|Any CPU.ActiveCfg = Release|Any CPU
		{EE8A4E62-D5BB-446D-8027-BFEF78677194}.Release|Any CPU.Build.0 = Release|Any CPU
		{F5ACE1E0-848F-4756-84D0-15E20734D20C}.Debug|Any CPU.ActiveCfg = Debug|Any CPU
		{F5ACE1E0-848F-4756-84D0-15E20734D20C}.Debug|Any CPU.Build.0 = Debug|Any CPU
		{F5ACE1E0-848F-4756-84D0-15E20734D20C}.Release|Any CPU.ActiveCfg = Release|Any CPU
		{F5ACE1E0-848F-4756-84D0-15E20734D20C}.Release|Any CPU.Build.0 = Release|Any CPU
		{58B20C0F-1AF3-4EA5-9B70-67D67C6761FD}.Debug|Any CPU.ActiveCfg = Debug|Any CPU
		{58B20C0F-1AF3-4EA5-9B70-67D67C6761FD}.Debug|Any CPU.Build.0 = Debug|Any CPU
		{58B20C0F-1AF3-4EA5-9B70-67D67C6761FD}.Release|Any CPU.ActiveCfg = Release|Any CPU
		{58B20C0F-1AF3-4EA5-9B70-67D67C6761FD}.Release|Any CPU.Build.0 = Release|Any CPU
		{09A2CE2E-4AE1-4ACB-BFC9-A3BB9BFA5F0A}.Debug|Any CPU.ActiveCfg = Debug|Any CPU
		{09A2CE2E-4AE1-4ACB-BFC9-A3BB9BFA5F0A}.Debug|Any CPU.Build.0 = Debug|Any CPU
		{09A2CE2E-4AE1-4ACB-BFC9-A3BB9BFA5F0A}.Release|Any CPU.ActiveCfg = Release|Any CPU
		{09A2CE2E-4AE1-4ACB-BFC9-A3BB9BFA5F0A}.Release|Any CPU.Build.0 = Release|Any CPU
	EndGlobalSection
	GlobalSection(SolutionProperties) = preSolution
		HideSolutionNode = FALSE
	EndGlobalSection
	GlobalSection(NestedProjects) = preSolution
		{F5ACE1E0-848F-4756-84D0-15E20734D20C} = {0302D2D7-4029-40C1-B00A-9ACAAC881585}
		{58B20C0F-1AF3-4EA5-9B70-67D67C6761FD} = {0302D2D7-4029-40C1-B00A-9ACAAC881585}
		{09A2CE2E-4AE1-4ACB-BFC9-A3BB9BFA5F0A} = {0302D2D7-4029-40C1-B00A-9ACAAC881585}
	EndGlobalSection
	GlobalSection(ExtensibilityGlobals) = postSolution
		SolutionGuid = {80DFE05B-688D-4D67-8DC4-C5DEB99E6A45}
	EndGlobalSection
EndGlobal
