
Microsoft Visual Studio Solution File, Format Version 12.00
# Visual Studio Version 16
VisualStudioVersion = 16.0.30114.105
MinimumVisualStudioVersion = 10.0.40219.1
Project("{FAE04EC0-301F-11D3-BF4B-00C04F79EFBC}") = "mjlib", "mjlib\mjlib.csproj", "{F5ACE1E0-848F-4756-84D0-15E20734D20C}"
EndProject
Project("{FAE04EC0-301F-11D3-BF4B-00C04F79EFBC}") = "mjlibTest", "mjlibTest\mjlibTest.csproj", "{58B20C0F-1AF3-4EA5-9B70-67D67C6761FD}"
EndProject
Project("{FAE04EC0-301F-11D3-BF4B-00C04F79EFBC}") = "mjlibExample", "mjlibExample\mjlibExample.csproj", "{09A2CE2E-4AE1-4ACB-BFC9-A3BB9BFA5F0A}"
EndProject
Project("{2150E333-8FDC-42A3-9474-1A3956D46DE8}") = "mjlibs", "mjlibs", "{0302D2D7-4029-40C1-B00A-9ACAAC881585}"
EndProject
Project("{2150E333-8FDC-42A3-9474-1A3956D46DE8}") = "SimpleApp", "SimpleApp", "{1ED24B27-A555-4C7D-BCC0-A782B8CADE0F}"
EndProject
Project("{FAE04EC0-301F-11D3-BF4B-00C04F79EFBC}") = "SimpleAloneGame", "SimpleAloneGame\SimpleAloneGame.csproj", "{59A129AD-E133-4C2A-B83C-8D7D0D9B68D3}"
EndProject
Project("{FAE04EC0-301F-11D3-BF4B-00C04F79EFBC}") = "Simple.Game", "Simple.Game\Simple.Game.csproj", "{72E1836A-3F96-4C2E-8B5D-6F1DE7FA2BA1}"
EndProject
Project("{FAE04EC0-301F-11D3-BF4B-00C04F79EFBC}") = "Simple.Player", "Simple.Player\Simple.Player.csproj", "{8B1B766E-CAE2-422F-BE98-636D75D2D4E6}"
EndProject
Project("{FAE04EC0-301F-11D3-BF4B-00C04F79EFBC}") = "Simple.Game.Console", "Simple.Game.Console\Simple.Game.Console.csproj", "{EACF775A-0221-43E6-9941-6447624C0824}"
EndProject
Project("{FAE04EC0-301F-11D3-BF4B-00C04F79EFBC}") = "Simple.Player.Console", "Simple.Player.Console\Simple.Player.Console.csproj", "{F9D88B78-5CE8-43B1-9137-21C56CC77575}"
EndProject
Project("{FAE04EC0-301F-11D3-BF4B-00C04F79EFBC}") = "Simple.Common", "Simple.Common\Simple.Common.csproj", "{2B93D3B6-5BCC-4891-A378-4D783C1C7F83}"
EndProject
Global
	GlobalSection(SolutionConfigurationPlatforms) = preSolution
		Debug|Any CPU = Debug|Any CPU
		Release|Any CPU = Release|Any CPU
	EndGlobalSection
	GlobalSection(ProjectConfigurationPlatforms) = postSolution
		{F5ACE1E0-848F-4756-84D0-15E20734D20C}.Debug|Any CPU.ActiveCfg = Debug|Any CPU
		{F5ACE1E0-848F-4756-84D0-15E20734D20C}.Debug|Any CPU.Build.0 = Debug|Any CPU
		{F5ACE1E0-848F-4756-84D0-15E20734D20C}.Release|Any CPU.ActiveCfg = Release|Any CPU
		{F5ACE1E0-848F-4756-84D0-15E20734D20C}.Release|Any CPU.Build.0 = Release|Any CPU
		{58B20C0F-1AF3-4EA5-9B70-67D67C6761FD}.Debug|Any CPU.ActiveCfg = Debug|Any CPU
		{58B20C0F-1AF3-4EA5-9B70-67D67C6761FD}.Debug|Any CPU.Build.0 = Debug|Any CPU
		{58B20C0F-1AF3-4EA5-9B70-67D67C6761FD}.Release|Any CPU.ActiveCfg = Release|Any CPU
		{58B20C0F-1AF3-4EA5-9B70-67D67C6761FD}.Release|Any CPU.Build.0 = Release|Any CPU
		{09A2CE2E-4AE1-4ACB-BFC9-A3BB9BFA5F0A}.Debug|Any CPU.ActiveCfg = Debug|Any CPU
		{09A2CE2E-4AE1-4ACB-BFC9-A3BB9BFA5F0A}.Debug|Any CPU.Build.0 = Debug|Any CPU
		{09A2CE2E-4AE1-4ACB-BFC9-A3BB9BFA5F0A}.Release|Any CPU.ActiveCfg = Release|Any CPU
		{09A2CE2E-4AE1-4ACB-BFC9-A3BB9BFA5F0A}.Release|Any CPU.Build.0 = Release|Any CPU
		{59A129AD-E133-4C2A-B83C-8D7D0D9B68D3}.Debug|Any CPU.ActiveCfg = Debug|Any CPU
		{59A129AD-E133-4C2A-B83C-8D7D0D9B68D3}.Debug|Any CPU.Build.0 = Debug|Any CPU
		{59A129AD-E133-4C2A-B83C-8D7D0D9B68D3}.Release|Any CPU.ActiveCfg = Release|Any CPU
		{59A129AD-E133-4C2A-B83C-8D7D0D9B68D3}.Release|Any CPU.Build.0 = Release|Any CPU
		{72E1836A-3F96-4C2E-8B5D-6F1DE7FA2BA1}.Debug|Any CPU.ActiveCfg = Debug|Any CPU
		{72E1836A-3F96-4C2E-8B5D-6F1DE7FA2BA1}.Debug|Any CPU.Build.0 = Debug|Any CPU
		{72E1836A-3F96-4C2E-8B5D-6F1DE7FA2BA1}.Release|Any CPU.ActiveCfg = Release|Any CPU
		{72E1836A-3F96-4C2E-8B5D-6F1DE7FA2BA1}.Release|Any CPU.Build.0 = Release|Any CPU
		{8B1B766E-CAE2-422F-BE98-636D75D2D4E6}.Debug|Any CPU.ActiveCfg = Debug|Any CPU
		{8B1B766E-CAE2-422F-BE98-636D75D2D4E6}.Debug|Any CPU.Build.0 = Debug|Any CPU
		{8B1B766E-CAE2-422F-BE98-636D75D2D4E6}.Release|Any CPU.ActiveCfg = Release|Any CPU
		{8B1B766E-CAE2-422F-BE98-636D75D2D4E6}.Release|Any CPU.Build.0 = Release|Any CPU
		{EACF775A-0221-43E6-9941-6447624C0824}.Debug|Any CPU.ActiveCfg = Debug|Any CPU
		{EACF775A-0221-43E6-9941-6447624C0824}.Debug|Any CPU.Build.0 = Debug|Any CPU
		{EACF775A-0221-43E6-9941-6447624C0824}.Release|Any CPU.ActiveCfg = Release|Any CPU
		{EACF775A-0221-43E6-9941-6447624C0824}.Release|Any CPU.Build.0 = Release|Any CPU
		{F9D88B78-5CE8-43B1-9137-21C56CC77575}.Debug|Any CPU.ActiveCfg = Debug|Any CPU
		{F9D88B78-5CE8-43B1-9137-21C56CC77575}.Debug|Any CPU.Build.0 = Debug|Any CPU
		{F9D88B78-5CE8-43B1-9137-21C56CC77575}.Release|Any CPU.ActiveCfg = Release|Any CPU
		{F9D88B78-5CE8-43B1-9137-21C56CC77575}.Release|Any CPU.Build.0 = Release|Any CPU
		{2B93D3B6-5BCC-4891-A378-4D783C1C7F83}.Debug|Any CPU.ActiveCfg = Debug|Any CPU
		{2B93D3B6-5BCC-4891-A378-4D783C1C7F83}.Debug|Any CPU.Build.0 = Debug|Any CPU
		{2B93D3B6-5BCC-4891-A378-4D783C1C7F83}.Release|Any CPU.ActiveCfg = Release|Any CPU
		{2B93D3B6-5BCC-4891-A378-4D783C1C7F83}.Release|Any CPU.Build.0 = Release|Any CPU
	EndGlobalSection
	GlobalSection(SolutionProperties) = preSolution
		HideSolutionNode = FALSE
	EndGlobalSection
	GlobalSection(NestedProjects) = preSolution
		{F5ACE1E0-848F-4756-84D0-15E20734D20C} = {0302D2D7-4029-40C1-B00A-9ACAAC881585}
		{58B20C0F-1AF3-4EA5-9B70-67D67C6761FD} = {0302D2D7-4029-40C1-B00A-9ACAAC881585}
		{09A2CE2E-4AE1-4ACB-BFC9-A3BB9BFA5F0A} = {0302D2D7-4029-40C1-B00A-9ACAAC881585}
		{59A129AD-E133-4C2A-B83C-8D7D0D9B68D3} = {1ED24B27-A555-4C7D-BCC0-A782B8CADE0F}
		{72E1836A-3F96-4C2E-8B5D-6F1DE7FA2BA1} = {1ED24B27-A555-4C7D-BCC0-A782B8CADE0F}
		{8B1B766E-CAE2-422F-BE98-636D75D2D4E6} = {1ED24B27-A555-4C7D-BCC0-A782B8CADE0F}
		{EACF775A-0221-43E6-9941-6447624C0824} = {1ED24B27-A555-4C7D-BCC0-A782B8CADE0F}
		{F9D88B78-5CE8-43B1-9137-21C56CC77575} = {1ED24B27-A555-4C7D-BCC0-A782B8CADE0F}
		{2B93D3B6-5BCC-4891-A378-4D783C1C7F83} = {1ED24B27-A555-4C7D-BCC0-A782B8CADE0F}
	EndGlobalSection
	GlobalSection(ExtensibilityGlobals) = postSolution
		SolutionGuid = {80DFE05B-688D-4D67-8DC4-C5DEB99E6A45}
	EndGlobalSection
EndGlobal
